
Microsoft Visual Studio Solution File, Format Version 12.00
# Visual Studio Version 17
VisualStudioVersion = 17.7.34031.279
MinimumVisualStudioVersion = 10.0.40219.1
Project("{FAE04EC0-301F-11D3-BF4B-00C04F79EFBC}") = "Yido.AdoNet.ToSQLServer", "Yido.AdoNet.ToSQLServer\Yido.AdoNet.ToSQLServer.csproj", "{20EEA230-7694-454D-9A16-4826EE6DDE88}"
EndProject
Global
	GlobalSection(SolutionConfigurationPlatforms) = preSolution
		Debug|Any CPU = Debug|Any CPU
		Release|Any CPU = Release|Any CPU
	EndGlobalSection
	GlobalSection(ProjectConfigurationPlatforms) = postSolution
		{20EEA230-7694-454D-9A16-4826EE6DDE88}.Debug|Any CPU.ActiveCfg = Debug|Any CPU
		{20EEA230-7694-454D-9A16-4826EE6DDE88}.Debug|Any CPU.Build.0 = Debug|Any CPU
		{20EEA230-7694-454D-9A16-4826EE6DDE88}.Release|Any CPU.ActiveCfg = Release|Any CPU
		{20EEA230-7694-454D-9A16-4826EE6DDE88}.Release|Any CPU.Build.0 = Release|Any CPU
	EndGlobalSection
	GlobalSection(SolutionProperties) = preSolution
		HideSolutionNode = FALSE
	EndGlobalSection
	GlobalSection(ExtensibilityGlobals) = postSolution
		SolutionGuid = {56A5C11E-4079-41E0-A055-447159F8C1AC}
	EndGlobalSection
EndGlobal
